// !$*UTF8*$!
{
	archiveVersion = 1;
	classes = {
	};
	objectVersion = 77;
	objects = {

/* Begin PBXBuildFile section */
		4F463EA02EA7A669000A2135 /* AXSwift in Frameworks */ = {isa = PBXBuildFile; productRef = 4F463E9F2EA7A669000A2135 /* AXSwift */; };
		4F488B302E97E79800A2B5F4 /* Sparkle in Frameworks */ = {isa = PBXBuildFile; productRef = 4F488B2F2E97E79800A2B5F4 /* Sparkle */; };
		4F59E3502EFC986100954462 /* hammerspoon.d.ts in Resources */ = {isa = PBXBuildFile; fileRef = 4F59E34F2EFC985500954462 /* hammerspoon.d.ts */; };
		4F59E3512EFC986100954462 /* api.json in Resources */ = {isa = PBXBuildFile; fileRef = 4F59E34E2EFC984900954462 /* api.json */; };
		4F947D922F563FCF00DD814E /* HammerspoonOSAScriptHelper.xpc in Embed XPC Services */ = {isa = PBXBuildFile; fileRef = 4F947D872F563FCF00DD814E /* HammerspoonOSAScriptHelper.xpc */; settings = {ATTRIBUTES = (RemoveHeadersOnCopy, ); }; };
		4F947DA62F56404F00DD814E /* OSAKit.framework in Frameworks */ = {isa = PBXBuildFile; fileRef = 4F947DA52F56404F00DD814E /* OSAKit.framework */; };
		4FACE0022F12345678900000 /* JavaScriptCoreExtras in Frameworks */ = {isa = PBXBuildFile; productRef = 4FACE0032F12345678900000 /* JavaScriptCoreExtras */; };
/* End PBXBuildFile section */

/* Begin PBXContainerItemProxy section */
		4F5641912E8333840099EB4C /* PBXContainerItemProxy */ = {
			isa = PBXContainerItemProxy;
			containerPortal = 4F56417B2E8333830099EB4C /* Project object */;
			proxyType = 1;
			remoteGlobalIDString = 4F5641822E8333830099EB4C;
			remoteInfo = "Hammerspoon 2";
		};
		4F947D902F563FCF00DD814E /* PBXContainerItemProxy */ = {
			isa = PBXContainerItemProxy;
			containerPortal = 4F56417B2E8333830099EB4C /* Project object */;
			proxyType = 1;
			remoteGlobalIDString = 4F947D862F563FCF00DD814E;
			remoteInfo = HammerspoonOSAScriptHelper;
		};
/* End PBXContainerItemProxy section */

/* Begin PBXCopyFilesBuildPhase section */
		4F947D932F563FCF00DD814E /* Embed XPC Services */ = {
			isa = PBXCopyFilesBuildPhase;
			buildActionMask = 2147483647;
			dstPath = "$(CONTENTS_FOLDER_PATH)/XPCServices";
			dstSubfolderSpec = 16;
			files = (
				4F947D922F563FCF00DD814E /* HammerspoonOSAScriptHelper.xpc in Embed XPC Services */,
			);
			name = "Embed XPC Services";
			runOnlyForDeploymentPostprocessing = 0;
		};
/* End PBXCopyFilesBuildPhase section */

/* Begin PBXFileReference section */
		4F5641832E8333830099EB4C /* Hammerspoon 2.app */ = {isa = PBXFileReference; explicitFileType = wrapper.application; includeInIndex = 0; path = "Hammerspoon 2.app"; sourceTree = BUILT_PRODUCTS_DIR; };
		4F5641902E8333840099EB4C /* Hammerspoon 2Tests.xctest */ = {isa = PBXFileReference; explicitFileType = wrapper.cfbundle; includeInIndex = 0; path = "Hammerspoon 2Tests.xctest"; sourceTree = BUILT_PRODUCTS_DIR; };
		4F59E34E2EFC984900954462 /* api.json */ = {isa = PBXFileReference; lastKnownFileType = text.json; name = api.json; path = docs/api.json; sourceTree = "<group>"; };
		4F59E34F2EFC985500954462 /* hammerspoon.d.ts */ = {isa = PBXFileReference; lastKnownFileType = sourcecode.typescript; name = hammerspoon.d.ts; path = docs/hammerspoon.d.ts; sourceTree = "<group>"; };
		4F59E3522EFDEC7200954462 /* generate-typescript.js */ = {isa = PBXFileReference; lastKnownFileType = sourcecode.javascript; path = "generate-typescript.js"; sourceTree = "<group>"; };
		4F947D872F563FCF00DD814E /* HammerspoonOSAScriptHelper.xpc */ = {isa = PBXFileReference; explicitFileType = "wrapper.xpc-service"; includeInIndex = 0; path = HammerspoonOSAScriptHelper.xpc; sourceTree = BUILT_PRODUCTS_DIR; };
		4F947DA52F56404F00DD814E /* OSAKit.framework */ = {isa = PBXFileReference; lastKnownFileType = wrapper.framework; name = OSAKit.framework; path = System/Library/Frameworks/OSAKit.framework; sourceTree = SDKROOT; };
		4F973B072EF89EE6006A6709 /* script.js */ = {isa = PBXFileReference; lastKnownFileType = sourcecode.javascript; path = script.js; sourceTree = "<group>"; };
		4F973B082EF89EE6006A6709 /* styles.css */ = {isa = PBXFileReference; lastKnownFileType = text.css; path = styles.css; sourceTree = "<group>"; };
		4F973B0D2EF89EE6006A6709 /* docs-coverage.js */ = {isa = PBXFileReference; lastKnownFileType = sourcecode.javascript; path = "docs-coverage.js"; sourceTree = "<group>"; };
		4F973B0E2EF89EE6006A6709 /* extract-docs.js */ = {isa = PBXFileReference; lastKnownFileType = sourcecode.javascript; path = "extract-docs.js"; sourceTree = "<group>"; };
		4F973B0F2EF89EE6006A6709 /* generate-html.js */ = {isa = PBXFileReference; lastKnownFileType = sourcecode.javascript; path = "generate-html.js"; sourceTree = "<group>"; };
		4F973B102EF89EE6006A6709 /* test-docs.sh */ = {isa = PBXFileReference; lastKnownFileType = text.script.sh; path = "test-docs.sh"; sourceTree = "<group>"; };
		4F973B122EF9523A006A6709 /* base.njk */ = {isa = PBXFileReference; lastKnownFileType = text; path = base.njk; sourceTree = "<group>"; };
		4F973B132EF9523A006A6709 /* index.njk */ = {isa = PBXFileReference; lastKnownFileType = text; path = index.njk; sourceTree = "<group>"; };
		4F973B142EF9523A006A6709 /* module.njk */ = {isa = PBXFileReference; lastKnownFileType = text; path = module.njk; sourceTree = "<group>"; };
		4F973B152EF9523A006A6709 /* type.njk */ = {isa = PBXFileReference; lastKnownFileType = text; path = type.njk; sourceTree = "<group>"; };
/* End PBXFileReference section */

/* Begin PBXFileSystemSynchronizedBuildFileExceptionSet section */
		4F947DA72F5640D100DD814E /* Exceptions for "HammerspoonOSAScriptHelper" folder in "HammerspoonOSAScriptHelper" target */ = {
			isa = PBXFileSystemSynchronizedBuildFileExceptionSet;
			membershipExceptions = (
				Info.plist,
			);
			target = 4F947D862F563FCF00DD814E /* HammerspoonOSAScriptHelper */;
		};
		4F947DA92F56448C00DD814E /* Exceptions for "Hammerspoon 2" folder in "HammerspoonOSAScriptHelper" target */ = {
			isa = PBXFileSystemSynchronizedBuildFileExceptionSet;
			membershipExceptions = (
				Modules/hs.osascript/HSOSAScriptServiceProtocol.swift,
			);
			target = 4F947D862F563FCF00DD814E /* HammerspoonOSAScriptHelper */;
		};
/* End PBXFileSystemSynchronizedBuildFileExceptionSet section */

/* Begin PBXFileSystemSynchronizedRootGroup section */
		4F5641852E8333830099EB4C /* Hammerspoon 2 */ = {
			isa = PBXFileSystemSynchronizedRootGroup;
			exceptions = (
				4F947DA92F56448C00DD814E /* Exceptions for "Hammerspoon 2" folder in "HammerspoonOSAScriptHelper" target */,
			);
			path = "Hammerspoon 2";
			sourceTree = "<group>";
		};
		4F5641932E8333840099EB4C /* Hammerspoon 2Tests */ = {
			isa = PBXFileSystemSynchronizedRootGroup;
			path = "Hammerspoon 2Tests";
			sourceTree = "<group>";
		};
		4F947D882F563FCF00DD814E /* HammerspoonOSAScriptHelper */ = {
			isa = PBXFileSystemSynchronizedRootGroup;
			exceptions = (
				4F947DA72F5640D100DD814E /* Exceptions for "HammerspoonOSAScriptHelper" folder in "HammerspoonOSAScriptHelper" target */,
			);
			path = HammerspoonOSAScriptHelper;
			sourceTree = "<group>";
		};
/* End PBXFileSystemSynchronizedRootGroup section */

/* Begin PBXFrameworksBuildPhase section */
		4F5641802E8333830099EB4C /* Frameworks */ = {
			isa = PBXFrameworksBuildPhase;
			buildActionMask = 2147483647;
			files = (
				4F488B302E97E79800A2B5F4 /* Sparkle in Frameworks */,
				4F463EA02EA7A669000A2135 /* AXSwift in Frameworks */,
				4FACE0022F12345678900000 /* JavaScriptCoreExtras in Frameworks */,
			);
			runOnlyForDeploymentPostprocessing = 0;
		};
		4F56418D2E8333840099EB4C /* Frameworks */ = {
			isa = PBXFrameworksBuildPhase;
			buildActionMask = 2147483647;
			files = (
			);
			runOnlyForDeploymentPostprocessing = 0;
		};
		4F947D842F563FCF00DD814E /* Frameworks */ = {
			isa = PBXFrameworksBuildPhase;
			buildActionMask = 2147483647;
			files = (
				4F947DA62F56404F00DD814E /* OSAKit.framework in Frameworks */,
			);
			runOnlyForDeploymentPostprocessing = 0;
		};
/* End PBXFrameworksBuildPhase section */

/* Begin PBXGroup section */
		4F56417A2E8333830099EB4C = {
			isa = PBXGroup;
			children = (
				4F59E34D2EFC983500954462 /* Docs Artifacts */,
				4F973B112EF89EE6006A6709 /* scripts */,
				4F5641852E8333830099EB4C /* Hammerspoon 2 */,
				4F5641932E8333840099EB4C /* Hammerspoon 2Tests */,
				4F947D882F563FCF00DD814E /* HammerspoonOSAScriptHelper */,
				4F947DA42F56404F00DD814E /* Frameworks */,
				4F5641842E8333830099EB4C /* Products */,
			);
			sourceTree = "<group>";
		};
		4F5641842E8333830099EB4C /* Products */ = {
			isa = PBXGroup;
			children = (
				4F5641832E8333830099EB4C /* Hammerspoon 2.app */,
				4F5641902E8333840099EB4C /* Hammerspoon 2Tests.xctest */,
				4F947D872F563FCF00DD814E /* HammerspoonOSAScriptHelper.xpc */,
			);
			name = Products;
			sourceTree = "<group>";
		};
		4F59E34D2EFC983500954462 /* Docs Artifacts */ = {
			isa = PBXGroup;
			children = (
				4F59E34F2EFC985500954462 /* hammerspoon.d.ts */,
				4F59E34E2EFC984900954462 /* api.json */,
			);
			name = "Docs Artifacts";
			sourceTree = "<group>";
		};
		4F947DA42F56404F00DD814E /* Frameworks */ = {
			isa = PBXGroup;
			children = (
				4F947DA52F56404F00DD814E /* OSAKit.framework */,
			);
			name = Frameworks;
			sourceTree = "<group>";
		};
		4F973B0C2EF89EE6006A6709 /* templates */ = {
			isa = PBXGroup;
			children = (
				4F973B122EF9523A006A6709 /* base.njk */,
				4F973B132EF9523A006A6709 /* index.njk */,
				4F973B142EF9523A006A6709 /* module.njk */,
				4F973B152EF9523A006A6709 /* type.njk */,
				4F973B072EF89EE6006A6709 /* script.js */,
				4F973B082EF89EE6006A6709 /* styles.css */,
			);
			path = templates;
			sourceTree = "<group>";
		};
		4F973B112EF89EE6006A6709 /* scripts */ = {
			isa = PBXGroup;
			children = (
				4F973B0C2EF89EE6006A6709 /* templates */,
				4F973B0D2EF89EE6006A6709 /* docs-coverage.js */,
				4F973B0E2EF89EE6006A6709 /* extract-docs.js */,
				4F973B0F2EF89EE6006A6709 /* generate-html.js */,
				4F59E3522EFDEC7200954462 /* generate-typescript.js */,
				4F973B102EF89EE6006A6709 /* test-docs.sh */,
			);
			path = scripts;
			sourceTree = "<group>";
		};
/* End PBXGroup section */

/* Begin PBXNativeTarget section */
		4F5641822E8333830099EB4C /* Hammerspoon 2 */ = {
			isa = PBXNativeTarget;
			buildConfigurationList = 4F5641A42E8333840099EB4C /* Build configuration list for PBXNativeTarget "Hammerspoon 2" */;
			buildPhases = (
				4F56417F2E8333830099EB4C /* Sources */,
				4F5641802E8333830099EB4C /* Frameworks */,
				4F5641812E8333830099EB4C /* Resources */,
				4F947D932F563FCF00DD814E /* Embed XPC Services */,
			);
			buildRules = (
			);
			dependencies = (
				4F947D912F563FCF00DD814E /* PBXTargetDependency */,
			);
			fileSystemSynchronizedGroups = (
				4F5641852E8333830099EB4C /* Hammerspoon 2 */,
			);
			name = "Hammerspoon 2";
			packageProductDependencies = (
				4F488B2F2E97E79800A2B5F4 /* Sparkle */,
				4F463E9F2EA7A669000A2135 /* AXSwift */,
				4FACE0032F12345678900000 /* JavaScriptCoreExtras */,
			);
			productName = "Hammerspoon 2";
			productReference = 4F5641832E8333830099EB4C /* Hammerspoon 2.app */;
			productType = "com.apple.product-type.application";
		};
		4F56418F2E8333840099EB4C /* Hammerspoon 2Tests */ = {
			isa = PBXNativeTarget;
			buildConfigurationList = 4F5641A72E8333840099EB4C /* Build configuration list for PBXNativeTarget "Hammerspoon 2Tests" */;
			buildPhases = (
				4F56418C2E8333840099EB4C /* Sources */,
				4F56418D2E8333840099EB4C /* Frameworks */,
				4F56418E2E8333840099EB4C /* Resources */,
			);
			buildRules = (
			);
			dependencies = (
				4F5641922E8333840099EB4C /* PBXTargetDependency */,
			);
			fileSystemSynchronizedGroups = (
				4F5641932E8333840099EB4C /* Hammerspoon 2Tests */,
			);
			name = "Hammerspoon 2Tests";
			packageProductDependencies = (
			);
			productName = "Hammerspoon 2Tests";
			productReference = 4F5641902E8333840099EB4C /* Hammerspoon 2Tests.xctest */;
			productType = "com.apple.product-type.bundle.unit-test";
		};
		4F947D862F563FCF00DD814E /* HammerspoonOSAScriptHelper */ = {
			isa = PBXNativeTarget;
			buildConfigurationList = 4F947D972F563FCF00DD814E /* Build configuration list for PBXNativeTarget "HammerspoonOSAScriptHelper" */;
			buildPhases = (
				4F947D832F563FCF00DD814E /* Sources */,
				4F947D842F563FCF00DD814E /* Frameworks */,
				4F947D852F563FCF00DD814E /* Resources */,
			);
			buildRules = (
			);
			dependencies = (
			);
			fileSystemSynchronizedGroups = (
				4F947D882F563FCF00DD814E /* HammerspoonOSAScriptHelper */,
			);
			name = HammerspoonOSAScriptHelper;
			packageProductDependencies = (
			);
			productName = HammerspoonOSAScriptHelper;
			productReference = 4F947D872F563FCF00DD814E /* HammerspoonOSAScriptHelper.xpc */;
			productType = "com.apple.product-type.xpc-service";
		};
/* End PBXNativeTarget section */

/* Begin PBXProject section */
		4F56417B2E8333830099EB4C /* Project object */ = {
			isa = PBXProject;
			attributes = {
				BuildIndependentTargetsInParallel = 1;
				LastSwiftUpdateCheck = 2600;
				LastUpgradeCheck = 2600;
				TargetAttributes = {
					4F5641822E8333830099EB4C = {
						CreatedOnToolsVersion = 26.0;
					};
					4F56418F2E8333840099EB4C = {
						CreatedOnToolsVersion = 26.0;
						TestTargetID = 4F5641822E8333830099EB4C;
					};
					4F947D862F563FCF00DD814E = {
						CreatedOnToolsVersion = 26.0;
					};
				};
			};
			buildConfigurationList = 4F56417E2E8333830099EB4C /* Build configuration list for PBXProject "Hammerspoon 2" */;
			developmentRegion = en;
			hasScannedForEncodings = 0;
			knownRegions = (
				en,
				Base,
			);
			mainGroup = 4F56417A2E8333830099EB4C;
			minimizedProjectReferenceProxies = 1;
			packageReferences = (
				4F488B2E2E97E79800A2B5F4 /* XCRemoteSwiftPackageReference "Sparkle" */,
				4F463E9E2EA7A669000A2135 /* XCRemoteSwiftPackageReference "AXSwift" */,
				4FACE0012F12345678900000 /* XCRemoteSwiftPackageReference "javascript-core-extras" */,
			);
			preferredProjectObjectVersion = 77;
			productRefGroup = 4F5641842E8333830099EB4C /* Products */;
			projectDirPath = "";
			projectRoot = "";
			targets = (
				4F5641822E8333830099EB4C /* Hammerspoon 2 */,
				4F56418F2E8333840099EB4C /* Hammerspoon 2Tests */,
				4F947D862F563FCF00DD814E /* HammerspoonOSAScriptHelper */,
			);
		};
/* End PBXProject section */

/* Begin PBXResourcesBuildPhase section */
		4F5641812E8333830099EB4C /* Resources */ = {
			isa = PBXResourcesBuildPhase;
			buildActionMask = 2147483647;
			files = (
				4F59E3502EFC986100954462 /* hammerspoon.d.ts in Resources */,
				4F59E3512EFC986100954462 /* api.json in Resources */,
			);
			runOnlyForDeploymentPostprocessing = 0;
		};
		4F56418E2E8333840099EB4C /* Resources */ = {
			isa = PBXResourcesBuildPhase;
			buildActionMask = 2147483647;
			files = (
			);
			runOnlyForDeploymentPostprocessing = 0;
		};
		4F947D852F563FCF00DD814E /* Resources */ = {
			isa = PBXResourcesBuildPhase;
			buildActionMask = 2147483647;
			files = (
			);
			runOnlyForDeploymentPostprocessing = 0;
		};
/* End PBXResourcesBuildPhase section */

/* Begin PBXSourcesBuildPhase section */
		4F56417F2E8333830099EB4C /* Sources */ = {
			isa = PBXSourcesBuildPhase;
			buildActionMask = 2147483647;
			files = (
			);
			runOnlyForDeploymentPostprocessing = 0;
		};
		4F56418C2E8333840099EB4C /* Sources */ = {
			isa = PBXSourcesBuildPhase;
			buildActionMask = 2147483647;
			files = (
			);
			runOnlyForDeploymentPostprocessing = 0;
		};
		4F947D832F563FCF00DD814E /* Sources */ = {
			isa = PBXSourcesBuildPhase;
			buildActionMask = 2147483647;
			files = (
			);
			runOnlyForDeploymentPostprocessing = 0;
		};
/* End PBXSourcesBuildPhase section */

/* Begin PBXTargetDependency section */
		4F5641922E8333840099EB4C /* PBXTargetDependency */ = {
			isa = PBXTargetDependency;
			target = 4F5641822E8333830099EB4C /* Hammerspoon 2 */;
			targetProxy = 4F5641912E8333840099EB4C /* PBXContainerItemProxy */;
		};
		4F947D912F563FCF00DD814E /* PBXTargetDependency */ = {
			isa = PBXTargetDependency;
			target = 4F947D862F563FCF00DD814E /* HammerspoonOSAScriptHelper */;
			targetProxy = 4F947D902F563FCF00DD814E /* PBXContainerItemProxy */;
		};
/* End PBXTargetDependency section */

/* Begin XCBuildConfiguration section */
		4F5641A22E8333840099EB4C /* Debug */ = {
			isa = XCBuildConfiguration;
			buildSettings = {
				ALWAYS_SEARCH_USER_PATHS = NO;
				ASSETCATALOG_COMPILER_GENERATE_SWIFT_ASSET_SYMBOL_EXTENSIONS = YES;
				CLANG_ANALYZER_NONNULL = YES;
				CLANG_ANALYZER_NUMBER_OBJECT_CONVERSION = YES_AGGRESSIVE;
				CLANG_CXX_LANGUAGE_STANDARD = "gnu++20";
				CLANG_ENABLE_MODULES = YES;
				CLANG_ENABLE_OBJC_ARC = YES;
				CLANG_ENABLE_OBJC_WEAK = YES;
				CLANG_WARN_BLOCK_CAPTURE_AUTORELEASING = YES;
				CLANG_WARN_BOOL_CONVERSION = YES;
				CLANG_WARN_COMMA = YES;
				CLANG_WARN_CONSTANT_CONVERSION = YES;
				CLANG_WARN_DEPRECATED_OBJC_IMPLEMENTATIONS = YES;
				CLANG_WARN_DIRECT_OBJC_ISA_USAGE = YES_ERROR;
				CLANG_WARN_DOCUMENTATION_COMMENTS = YES;
				CLANG_WARN_EMPTY_BODY = YES;
				CLANG_WARN_ENUM_CONVERSION = YES;
				CLANG_WARN_INFINITE_RECURSION = YES;
				CLANG_WARN_INT_CONVERSION = YES;
				CLANG_WARN_NON_LITERAL_NULL_CONVERSION = YES;
				CLANG_WARN_OBJC_IMPLICIT_RETAIN_SELF = YES;
				CLANG_WARN_OBJC_LITERAL_CONVERSION = YES;
				CLANG_WARN_OBJC_ROOT_CLASS = YES_ERROR;
				CLANG_WARN_QUOTED_INCLUDE_IN_FRAMEWORK_HEADER = YES;
				CLANG_WARN_RANGE_LOOP_ANALYSIS = YES;
				CLANG_WARN_STRICT_PROTOTYPES = YES;
				CLANG_WARN_SUSPICIOUS_MOVE = YES;
				CLANG_WARN_UNGUARDED_AVAILABILITY = YES_AGGRESSIVE;
				CLANG_WARN_UNREACHABLE_CODE = YES;
				CLANG_WARN__DUPLICATE_METHOD_MATCH = YES;
				COPY_PHASE_STRIP = NO;
				DEBUG_INFORMATION_FORMAT = dwarf;
				DEVELOPMENT_TEAM = VQCYSNZB89;
				ENABLE_STRICT_OBJC_MSGSEND = YES;
				ENABLE_TESTABILITY = YES;
				ENABLE_USER_SCRIPT_SANDBOXING = YES;
				GCC_C_LANGUAGE_STANDARD = gnu17;
				GCC_DYNAMIC_NO_PIC = NO;
				GCC_NO_COMMON_BLOCKS = YES;
				GCC_OPTIMIZATION_LEVEL = 0;
				GCC_PREPROCESSOR_DEFINITIONS = (
					"DEBUG=1",
					"$(inherited)",
				);
				GCC_WARN_64_TO_32_BIT_CONVERSION = YES;
				GCC_WARN_ABOUT_RETURN_TYPE = YES_ERROR;
				GCC_WARN_UNDECLARED_SELECTOR = YES;
				GCC_WARN_UNINITIALIZED_AUTOS = YES_AGGRESSIVE;
				GCC_WARN_UNUSED_FUNCTION = YES;
				GCC_WARN_UNUSED_VARIABLE = YES;
				LOCALIZATION_PREFERS_STRING_CATALOGS = YES;
				MACOSX_DEPLOYMENT_TARGET = 26.0;
				MTL_ENABLE_DEBUG_INFO = INCLUDE_SOURCE;
				MTL_FAST_MATH = YES;
				ONLY_ACTIVE_ARCH = YES;
				SDKROOT = macosx;
				SWIFT_ACTIVE_COMPILATION_CONDITIONS = "DEBUG $(inherited)";
				SWIFT_APPROACHABLE_CONCURRENCY = YES;
				SWIFT_DEFAULT_ACTOR_ISOLATION = MainActor;
				SWIFT_OPTIMIZATION_LEVEL = "-Onone";
				SWIFT_VERSION = 6.0;
			};
			name = Debug;
		};
		4F5641A32E8333840099EB4C /* Release */ = {
			isa = XCBuildConfiguration;
			buildSettings = {
				ALWAYS_SEARCH_USER_PATHS = NO;
				ASSETCATALOG_COMPILER_GENERATE_SWIFT_ASSET_SYMBOL_EXTENSIONS = YES;
				CLANG_ANALYZER_NONNULL = YES;
				CLANG_ANALYZER_NUMBER_OBJECT_CONVERSION = YES_AGGRESSIVE;
				CLANG_CXX_LANGUAGE_STANDARD = "gnu++20";
				CLANG_ENABLE_MODULES = YES;
				CLANG_ENABLE_OBJC_ARC = YES;
				CLANG_ENABLE_OBJC_WEAK = YES;
				CLANG_WARN_BLOCK_CAPTURE_AUTORELEASING = YES;
				CLANG_WARN_BOOL_CONVERSION = YES;
				CLANG_WARN_COMMA = YES;
				CLANG_WARN_CONSTANT_CONVERSION = YES;
				CLANG_WARN_DEPRECATED_OBJC_IMPLEMENTATIONS = YES;
				CLANG_WARN_DIRECT_OBJC_ISA_USAGE = YES_ERROR;
				CLANG_WARN_DOCUMENTATION_COMMENTS = YES;
				CLANG_WARN_EMPTY_BODY = YES;
				CLANG_WARN_ENUM_CONVERSION = YES;
				CLANG_WARN_INFINITE_RECURSION = YES;
				CLANG_WARN_INT_CONVERSION = YES;
				CLANG_WARN_NON_LITERAL_NULL_CONVERSION = YES;
				CLANG_WARN_OBJC_IMPLICIT_RETAIN_SELF = YES;
				CLANG_WARN_OBJC_LITERAL_CONVERSION = YES;
				CLANG_WARN_OBJC_ROOT_CLASS = YES_ERROR;
				CLANG_WARN_QUOTED_INCLUDE_IN_FRAMEWORK_HEADER = YES;
				CLANG_WARN_RANGE_LOOP_ANALYSIS = YES;
				CLANG_WARN_STRICT_PROTOTYPES = YES;
				CLANG_WARN_SUSPICIOUS_MOVE = YES;
				CLANG_WARN_UNGUARDED_AVAILABILITY = YES_AGGRESSIVE;
				CLANG_WARN_UNREACHABLE_CODE = YES;
				CLANG_WARN__DUPLICATE_METHOD_MATCH = YES;
				COPY_PHASE_STRIP = NO;
				DEBUG_INFORMATION_FORMAT = "dwarf-with-dsym";
				DEVELOPMENT_TEAM = VQCYSNZB89;
				ENABLE_NS_ASSERTIONS = NO;
				ENABLE_STRICT_OBJC_MSGSEND = YES;
				ENABLE_USER_SCRIPT_SANDBOXING = YES;
				GCC_C_LANGUAGE_STANDARD = gnu17;
				GCC_NO_COMMON_BLOCKS = YES;
				GCC_WARN_64_TO_32_BIT_CONVERSION = YES;
				GCC_WARN_ABOUT_RETURN_TYPE = YES_ERROR;
				GCC_WARN_UNDECLARED_SELECTOR = YES;
				GCC_WARN_UNINITIALIZED_AUTOS = YES_AGGRESSIVE;
				GCC_WARN_UNUSED_FUNCTION = YES;
				GCC_WARN_UNUSED_VARIABLE = YES;
				LOCALIZATION_PREFERS_STRING_CATALOGS = YES;
				MACOSX_DEPLOYMENT_TARGET = 26.0;
				MTL_ENABLE_DEBUG_INFO = NO;
				MTL_FAST_MATH = YES;
				SDKROOT = macosx;
				SWIFT_APPROACHABLE_CONCURRENCY = YES;
				SWIFT_COMPILATION_MODE = wholemodule;
				SWIFT_DEFAULT_ACTOR_ISOLATION = MainActor;
				SWIFT_VERSION = 6.0;
			};
			name = Release;
		};
		4F5641A52E8333840099EB4C /* Debug */ = {
			isa = XCBuildConfiguration;
			buildSettings = {
				ASSETCATALOG_COMPILER_APPICON_NAME = AppIcon;
				ASSETCATALOG_COMPILER_GLOBAL_ACCENT_COLOR_NAME = AccentColor;
				AUTOMATION_APPLE_EVENTS = YES;
				CODE_SIGN_STYLE = Automatic;
				COMBINE_HIDPI_IMAGES = YES;
				CURRENT_PROJECT_VERSION = 3;
				DEVELOPMENT_TEAM = VQCYSNZB89;
				ENABLE_APP_SANDBOX = NO;
				ENABLE_HARDENED_RUNTIME = YES;
				ENABLE_PREVIEWS = YES;
				ENABLE_RESOURCE_ACCESS_AUDIO_INPUT = YES;
				ENABLE_RESOURCE_ACCESS_CALENDARS = YES;
				ENABLE_RESOURCE_ACCESS_CAMERA = YES;
				ENABLE_RESOURCE_ACCESS_CONTACTS = YES;
				ENABLE_RESOURCE_ACCESS_LOCATION = YES;
				ENABLE_RESOURCE_ACCESS_PHOTO_LIBRARY = YES;
				GCC_TREAT_WARNINGS_AS_ERRORS = YES;
				GCC_WARN_PEDANTIC = YES;
				GENERATE_INFOPLIST_FILE = YES;
				INFOPLIST_FILE = "Hammerspoon-2-Info.plist";
				INFOPLIST_KEY_LSApplicationCategoryType = "public.app-category.utilities";
				INFOPLIST_KEY_NSHumanReadableCopyright = "©2025 by its authors. Released under MIT License.";
				LD_RUNPATH_SEARCH_PATHS = (
					"$(inherited)",
					"@executable_path/../Frameworks",
				);
				MACOSX_DEPLOYMENT_TARGET = 15.6;
				MARKETING_VERSION = 1.2;
				OTHER_DOCC_FLAGS = "--source-service github --source-service-base-url https://github.com/hammerspoon/Hammerspoon2/blob/main --checkout-path \"$PROJECT_DIR\"";
				PRODUCT_BUNDLE_IDENTIFIER = "net.tenshu.Hammerspoon-2";
				PRODUCT_NAME = "$(TARGET_NAME)";
				REGISTER_APP_GROUPS = YES;
				RUNTIME_EXCEPTION_ALLOW_DYLD_ENVIRONMENT_VARIABLES = NO;
				RUNTIME_EXCEPTION_ALLOW_JIT = NO;
				RUNTIME_EXCEPTION_ALLOW_UNSIGNED_EXECUTABLE_MEMORY = NO;
				RUNTIME_EXCEPTION_DEBUGGING_TOOL = NO;
				RUNTIME_EXCEPTION_DISABLE_EXECUTABLE_PAGE_PROTECTION = NO;
				RUNTIME_EXCEPTION_DISABLE_LIBRARY_VALIDATION = NO;
				STRING_CATALOG_GENERATE_SYMBOLS = YES;
				SWIFT_DEFAULT_ACTOR_ISOLATION = MainActor;
				SWIFT_EMIT_LOC_STRINGS = YES;
				SWIFT_STRICT_MEMORY_SAFETY = YES;
				SWIFT_UPCOMING_FEATURE_MEMBER_IMPORT_VISIBILITY = YES;
			};
			name = Debug;
		};
		4F5641A62E8333840099EB4C /* Release */ = {
			isa = XCBuildConfiguration;
			buildSettings = {
				ASSETCATALOG_COMPILER_APPICON_NAME = AppIcon;
				ASSETCATALOG_COMPILER_GLOBAL_ACCENT_COLOR_NAME = AccentColor;
				AUTOMATION_APPLE_EVENTS = YES;
				CODE_SIGN_STYLE = Automatic;
				COMBINE_HIDPI_IMAGES = YES;
				CURRENT_PROJECT_VERSION = 3;
				DEVELOPMENT_TEAM = VQCYSNZB89;
				ENABLE_APP_SANDBOX = NO;
				ENABLE_HARDENED_RUNTIME = YES;
				ENABLE_PREVIEWS = YES;
				ENABLE_RESOURCE_ACCESS_AUDIO_INPUT = YES;
				ENABLE_RESOURCE_ACCESS_CALENDARS = YES;
				ENABLE_RESOURCE_ACCESS_CAMERA = YES;
				ENABLE_RESOURCE_ACCESS_CONTACTS = YES;
				ENABLE_RESOURCE_ACCESS_LOCATION = YES;
				ENABLE_RESOURCE_ACCESS_PHOTO_LIBRARY = YES;
				GCC_TREAT_WARNINGS_AS_ERRORS = YES;
				GCC_WARN_PEDANTIC = YES;
				GENERATE_INFOPLIST_FILE = YES;
				INFOPLIST_FILE = "Hammerspoon-2-Info.plist";
				INFOPLIST_KEY_LSApplicationCategoryType = "public.app-category.utilities";
				INFOPLIST_KEY_NSHumanReadableCopyright = "©2025 by its authors. Released under MIT License.";
				LD_RUNPATH_SEARCH_PATHS = (
					"$(inherited)",
					"@executable_path/../Frameworks",
				);
				MACOSX_DEPLOYMENT_TARGET = 15.6;
				MARKETING_VERSION = 1.2;
				OTHER_DOCC_FLAGS = "--source-service github --source-service-base-url https://github.com/hammerspoon/Hammerspoon2/blob/main --checkout-path \"$PROJECT_DIR\"";
				PRODUCT_BUNDLE_IDENTIFIER = "net.tenshu.Hammerspoon-2";
				PRODUCT_NAME = "$(TARGET_NAME)";
				REGISTER_APP_GROUPS = YES;
				RUNTIME_EXCEPTION_ALLOW_DYLD_ENVIRONMENT_VARIABLES = NO;
				RUNTIME_EXCEPTION_ALLOW_JIT = NO;
				RUNTIME_EXCEPTION_ALLOW_UNSIGNED_EXECUTABLE_MEMORY = NO;
				RUNTIME_EXCEPTION_DEBUGGING_TOOL = NO;
				RUNTIME_EXCEPTION_DISABLE_EXECUTABLE_PAGE_PROTECTION = NO;
				RUNTIME_EXCEPTION_DISABLE_LIBRARY_VALIDATION = NO;
				STRING_CATALOG_GENERATE_SYMBOLS = YES;
				SWIFT_DEFAULT_ACTOR_ISOLATION = MainActor;
				SWIFT_EMIT_LOC_STRINGS = YES;
				SWIFT_STRICT_MEMORY_SAFETY = YES;
				SWIFT_UPCOMING_FEATURE_MEMBER_IMPORT_VISIBILITY = YES;
			};
			name = Release;
		};
		4F5641A82E8333840099EB4C /* Debug */ = {
			isa = XCBuildConfiguration;
			buildSettings = {
				BUNDLE_LOADER = "$(TEST_HOST)";
				CODE_SIGN_STYLE = Automatic;
				CURRENT_PROJECT_VERSION = 1;
				DEVELOPMENT_TEAM = VQCYSNZB89;
				GENERATE_INFOPLIST_FILE = YES;
				MACOSX_DEPLOYMENT_TARGET = 26.0;
				MARKETING_VERSION = 1.0;
				PRODUCT_BUNDLE_IDENTIFIER = "net.tenshu.Hammerspoon-2Tests";
				PRODUCT_NAME = "$(TARGET_NAME)";
				STRING_CATALOG_GENERATE_SYMBOLS = NO;
				SWIFT_APPROACHABLE_CONCURRENCY = YES;
				SWIFT_EMIT_LOC_STRINGS = NO;
				SWIFT_UPCOMING_FEATURE_MEMBER_IMPORT_VISIBILITY = YES;
				TEST_HOST = "$(BUILT_PRODUCTS_DIR)/Hammerspoon 2.app/$(BUNDLE_EXECUTABLE_FOLDER_PATH)/Hammerspoon 2";
			};
			name = Debug;
		};
		4F5641A92E8333840099EB4C /* Release */ = {
			isa = XCBuildConfiguration;
			buildSettings = {
				BUNDLE_LOADER = "$(TEST_HOST)";
				CODE_SIGN_STYLE = Automatic;
				CURRENT_PROJECT_VERSION = 1;
				DEVELOPMENT_TEAM = VQCYSNZB89;
				GENERATE_INFOPLIST_FILE = YES;
				MACOSX_DEPLOYMENT_TARGET = 26.0;
				MARKETING_VERSION = 1.0;
				PRODUCT_BUNDLE_IDENTIFIER = "net.tenshu.Hammerspoon-2Tests";
				PRODUCT_NAME = "$(TARGET_NAME)";
				STRING_CATALOG_GENERATE_SYMBOLS = NO;
				SWIFT_APPROACHABLE_CONCURRENCY = YES;
				SWIFT_EMIT_LOC_STRINGS = NO;
				SWIFT_UPCOMING_FEATURE_MEMBER_IMPORT_VISIBILITY = YES;
				TEST_HOST = "$(BUILT_PRODUCTS_DIR)/Hammerspoon 2.app/$(BUNDLE_EXECUTABLE_FOLDER_PATH)/Hammerspoon 2";
			};
			name = Release;
		};
		4F947D942F563FCF00DD814E /* Debug */ = {
			isa = XCBuildConfiguration;
			buildSettings = {
				AUTOMATION_APPLE_EVENTS = YES;
				CODE_SIGN_STYLE = Automatic;
				COMBINE_HIDPI_IMAGES = YES;
				CURRENT_PROJECT_VERSION = 1;
				DEVELOPMENT_TEAM = VQCYSNZB89;
				ENABLE_APP_SANDBOX = YES;
				ENABLE_HARDENED_RUNTIME = YES;
				ENABLE_RESOURCE_ACCESS_AUDIO_INPUT = NO;
				ENABLE_RESOURCE_ACCESS_CALENDARS = NO;
				ENABLE_RESOURCE_ACCESS_CAMERA = NO;
				ENABLE_RESOURCE_ACCESS_CONTACTS = NO;
				ENABLE_RESOURCE_ACCESS_LOCATION = NO;
				ENABLE_RESOURCE_ACCESS_PHOTO_LIBRARY = NO;
				GCC_TREAT_WARNINGS_AS_ERRORS = YES;
				GCC_WARN_PEDANTIC = YES;
				GENERATE_INFOPLIST_FILE = YES;
				INFOPLIST_FILE = HammerspoonOSAScriptHelper/Info.plist;
				INFOPLIST_KEY_CFBundleDisplayName = HammerspoonOSAScriptHelper;
				INFOPLIST_KEY_NSHumanReadableCopyright = "";
				MARKETING_VERSION = 1.0;
				PRODUCT_BUNDLE_IDENTIFIER = "net.tenshu.Hammerspoon-2.HammerspoonOSAScriptHelper";
				PRODUCT_NAME = "$(TARGET_NAME)";
				REGISTER_APP_GROUPS = YES;
				RUNTIME_EXCEPTION_ALLOW_DYLD_ENVIRONMENT_VARIABLES = NO;
				RUNTIME_EXCEPTION_ALLOW_JIT = NO;
				RUNTIME_EXCEPTION_ALLOW_UNSIGNED_EXECUTABLE_MEMORY = NO;
				RUNTIME_EXCEPTION_DEBUGGING_TOOL = NO;
				RUNTIME_EXCEPTION_DISABLE_EXECUTABLE_PAGE_PROTECTION = NO;
				RUNTIME_EXCEPTION_DISABLE_LIBRARY_VALIDATION = NO;
				SKIP_INSTALL = YES;
				STRING_CATALOG_GENERATE_SYMBOLS = YES;
				SWIFT_APPROACHABLE_CONCURRENCY = YES;
				SWIFT_EMIT_LOC_STRINGS = YES;
				SWIFT_STRICT_CONCURRENCY = complete;
				SWIFT_UPCOMING_FEATURE_MEMBER_IMPORT_VISIBILITY = YES;
				SWIFT_VERSION = 5.0;
			};
			name = Debug;
		};
		4F947D952F563FCF00DD814E /* Release */ = {
			isa = XCBuildConfiguration;
			buildSettings = {
				AUTOMATION_APPLE_EVENTS = YES;
				CODE_SIGN_STYLE = Automatic;
				COMBINE_HIDPI_IMAGES = YES;
				CURRENT_PROJECT_VERSION = 1;
				DEVELOPMENT_TEAM = VQCYSNZB89;
				ENABLE_APP_SANDBOX = YES;
				ENABLE_HARDENED_RUNTIME = YES;
				ENABLE_RESOURCE_ACCESS_AUDIO_INPUT = NO;
				ENABLE_RESOURCE_ACCESS_CALENDARS = NO;
				ENABLE_RESOURCE_ACCESS_CAMERA = NO;
				ENABLE_RESOURCE_ACCESS_CONTACTS = NO;
				ENABLE_RESOURCE_ACCESS_LOCATION = NO;
				ENABLE_RESOURCE_ACCESS_PHOTO_LIBRARY = NO;
				GCC_TREAT_WARNINGS_AS_ERRORS = YES;
				GCC_WARN_PEDANTIC = YES;
				GENERATE_INFOPLIST_FILE = YES;
				INFOPLIST_FILE = HammerspoonOSAScriptHelper/Info.plist;
				INFOPLIST_KEY_CFBundleDisplayName = HammerspoonOSAScriptHelper;
				INFOPLIST_KEY_NSHumanReadableCopyright = "";
				MARKETING_VERSION = 1.0;
				PRODUCT_BUNDLE_IDENTIFIER = "net.tenshu.Hammerspoon-2.HammerspoonOSAScriptHelper";
				PRODUCT_NAME = "$(TARGET_NAME)";
				REGISTER_APP_GROUPS = YES;
				RUNTIME_EXCEPTION_ALLOW_DYLD_ENVIRONMENT_VARIABLES = NO;
				RUNTIME_EXCEPTION_ALLOW_JIT = NO;
				RUNTIME_EXCEPTION_ALLOW_UNSIGNED_EXECUTABLE_MEMORY = NO;
				RUNTIME_EXCEPTION_DEBUGGING_TOOL = NO;
				RUNTIME_EXCEPTION_DISABLE_EXECUTABLE_PAGE_PROTECTION = NO;
				RUNTIME_EXCEPTION_DISABLE_LIBRARY_VALIDATION = NO;
				SKIP_INSTALL = YES;
				STRING_CATALOG_GENERATE_SYMBOLS = YES;
				SWIFT_APPROACHABLE_CONCURRENCY = YES;
				SWIFT_EMIT_LOC_STRINGS = YES;
				SWIFT_STRICT_CONCURRENCY = complete;
				SWIFT_UPCOMING_FEATURE_MEMBER_IMPORT_VISIBILITY = YES;
				SWIFT_VERSION = 5.0;
			};
			name = Release;
		};
/* End XCBuildConfiguration section */

/* Begin XCConfigurationList section */
		4F56417E2E8333830099EB4C /* Build configuration list for PBXProject "Hammerspoon 2" */ = {
			isa = XCConfigurationList;
			buildConfigurations = (
				4F5641A22E8333840099EB4C /* Debug */,
				4F5641A32E8333840099EB4C /* Release */,
			);
			defaultConfigurationIsVisible = 0;
			defaultConfigurationName = Release;
		};
		4F5641A42E8333840099EB4C /* Build configuration list for PBXNativeTarget "Hammerspoon 2" */ = {
			isa = XCConfigurationList;
			buildConfigurations = (
				4F5641A52E8333840099EB4C /* Debug */,
				4F5641A62E8333840099EB4C /* Release */,
			);
			defaultConfigurationIsVisible = 0;
			defaultConfigurationName = Release;
		};
		4F5641A72E8333840099EB4C /* Build configuration list for PBXNativeTarget "Hammerspoon 2Tests" */ = {
			isa = XCConfigurationList;
			buildConfigurations = (
				4F5641A82E8333840099EB4C /* Debug */,
				4F5641A92E8333840099EB4C /* Release */,
			);
			defaultConfigurationIsVisible = 0;
			defaultConfigurationName = Release;
		};
		4F947D972F563FCF00DD814E /* Build configuration list for PBXNativeTarget "HammerspoonOSAScriptHelper" */ = {
			isa = XCConfigurationList;
			buildConfigurations = (
				4F947D942F563FCF00DD814E /* Debug */,
				4F947D952F563FCF00DD814E /* Release */,
			);
			defaultConfigurationIsVisible = 0;
			defaultConfigurationName = Release;
		};
/* End XCConfigurationList section */

/* Begin XCRemoteSwiftPackageReference section */
		4F463E9E2EA7A669000A2135 /* XCRemoteSwiftPackageReference "AXSwift" */ = {
			isa = XCRemoteSwiftPackageReference;
			repositoryURL = "https://github.com/cmsj/AXSwift";
			requirement = {
				branch = main;
				kind = branch;
			};
		};
		4F488B2E2E97E79800A2B5F4 /* XCRemoteSwiftPackageReference "Sparkle" */ = {
			isa = XCRemoteSwiftPackageReference;
			repositoryURL = "https://github.com/sparkle-project/Sparkle";
			requirement = {
				kind = upToNextMajorVersion;
				minimumVersion = 2.8.0;
			};
		};
		4FACE0012F12345678900000 /* XCRemoteSwiftPackageReference "javascript-core-extras" */ = {
			isa = XCRemoteSwiftPackageReference;
			repositoryURL = "https://github.com/cmsj/javascript-core-extras";
			requirement = {
				branch = main;
				kind = branch;
			};
		};
/* End XCRemoteSwiftPackageReference section */

/* Begin XCSwiftPackageProductDependency section */
		4F463E9F2EA7A669000A2135 /* AXSwift */ = {
			isa = XCSwiftPackageProductDependency;
			package = 4F463E9E2EA7A669000A2135 /* XCRemoteSwiftPackageReference "AXSwift" */;
			productName = AXSwift;
		};
		4F488B2F2E97E79800A2B5F4 /* Sparkle */ = {
			isa = XCSwiftPackageProductDependency;
			package = 4F488B2E2E97E79800A2B5F4 /* XCRemoteSwiftPackageReference "Sparkle" */;
			productName = Sparkle;
		};
		4FACE0032F12345678900000 /* JavaScriptCoreExtras */ = {
			isa = XCSwiftPackageProductDependency;
			package = 4FACE0012F12345678900000 /* XCRemoteSwiftPackageReference "javascript-core-extras" */;
			productName = JavaScriptCoreExtras;
		};
/* End XCSwiftPackageProductDependency section */
	};
	rootObject = 4F56417B2E8333830099EB4C /* Project object */;
}
